
Microsoft Visual Studio Solution File, Format Version 12.00
# Visual Studio 15
VisualStudioVersion = 15.0.28010.2003
MinimumVisualStudioVersion = 10.0.40219.1
Project("{9A19103F-16F7-4668-BE54-9A1E7A4F7556}") = "ClashRoyaleCli", "ClashRoyaleCli\ClashRoyaleCli.csproj", "{37B35F38-10E0-4BB8-BA41-2312119CF7A3}"
EndProject
Project("{9A19103F-16F7-4668-BE54-9A1E7A4F7556}") = "ClashRoyaleApi", "ClashRoyaleApi\ClashRoyaleApi.csproj", "{65AC7681-8240-4737-8FFE-AD2A538CF2F8}"
EndProject
Project("{9A19103F-16F7-4668-BE54-9A1E7A4F7556}") = "ClashRoyaleWeb", "ClashRoyaleWeb\ClashRoyaleWeb.csproj", "{C3B386A8-7491-4E91-9560-4EDDDAA9536D}"
EndProject
Project("{FAE04EC0-301F-11D3-BF4B-00C04F79EFBC}") = "ConsoleApp1", "ConsoleApp1\ConsoleApp1.csproj", "{EEE05A8D-DCBD-4057-85B2-D2D0620718BF}"
EndProject
Global
	GlobalSection(SolutionConfigurationPlatforms) = preSolution
		Debug|Any CPU = Debug|Any CPU
		Release|Any CPU = Release|Any CPU
	EndGlobalSection
	GlobalSection(ProjectConfigurationPlatforms) = postSolution
		{37B35F38-10E0-4BB8-BA41-2312119CF7A3}.Debug|Any CPU.ActiveCfg = Debug|Any CPU
		{37B35F38-10E0-4BB8-BA41-2312119CF7A3}.Debug|Any CPU.Build.0 = Debug|Any CPU
		{37B35F38-10E0-4BB8-BA41-2312119CF7A3}.Release|Any CPU.ActiveCfg = Release|Any CPU
		{37B35F38-10E0-4BB8-BA41-2312119CF7A3}.Release|Any CPU.Build.0 = Release|Any CPU
		{65AC7681-8240-4737-8FFE-AD2A538CF2F8}.Debug|Any CPU.ActiveCfg = Debug|Any CPU
		{65AC7681-8240-4737-8FFE-AD2A538CF2F8}.Debug|Any CPU.Build.0 = Debug|Any CPU
		{65AC7681-8240-4737-8FFE-AD2A538CF2F8}.Release|Any CPU.ActiveCfg = Release|Any CPU
		{65AC7681-8240-4737-8FFE-AD2A538CF2F8}.Release|Any CPU.Build.0 = Release|Any CPU
		{C3B386A8-7491-4E91-9560-4EDDDAA9536D}.Debug|Any CPU.ActiveCfg = Debug|Any CPU
		{C3B386A8-7491-4E91-9560-4EDDDAA9536D}.Debug|Any CPU.Build.0 = Debug|Any CPU
		{C3B386A8-7491-4E91-9560-4EDDDAA9536D}.Release|Any CPU.ActiveCfg = Release|Any CPU
		{C3B386A8-7491-4E91-9560-4EDDDAA9536D}.Release|Any CPU.Build.0 = Release|Any CPU
		{EEE05A8D-DCBD-4057-85B2-D2D0620718BF}.Debug|Any CPU.ActiveCfg = Debug|Any CPU
		{EEE05A8D-DCBD-4057-85B2-D2D0620718BF}.Debug|Any CPU.Build.0 = Debug|Any CPU
		{EEE05A8D-DCBD-4057-85B2-D2D0620718BF}.Release|Any CPU.ActiveCfg = Release|Any CPU
		{EEE05A8D-DCBD-4057-85B2-D2D0620718BF}.Release|Any CPU.Build.0 = Release|Any CPU
	EndGlobalSection
	GlobalSection(SolutionProperties) = preSolution
		HideSolutionNode = FALSE
	EndGlobalSection
	GlobalSection(ExtensibilityGlobals) = postSolution
		SolutionGuid = {1C4AA59C-340C-4EA8-B34B-B95A36FDEDC6}
	EndGlobalSection
EndGlobal
